
Microsoft Visual Studio Solution File, Format Version 12.00
# Visual Studio Version 17
VisualStudioVersion = 17.7.34031.279
MinimumVisualStudioVersion = 10.0.40219.1
Project("{2150E333-8FDC-42A3-9474-1A3956D46DE8}") = "src", "src", "{DFE627D9-0E19-4769-BACD-D6A4B64009BC}"
EndProject
Project("{FAE04EC0-301F-11D3-BF4B-00C04F79EFBC}") = "SeparatorTransformer.Winform", "src\SeparatorTransformer.Winform\SeparatorTransformer.Winform.csproj", "{0C034FE8-FB77-4345-B303-47F98966DF01}"
EndProject
Global
	GlobalSection(SolutionConfigurationPlatforms) = preSolution
		Debug|Any CPU = Debug|Any CPU
		Release|Any CPU = Release|Any CPU
	EndGlobalSection
	GlobalSection(ProjectConfigurationPlatforms) = postSolution
		{0C034FE8-FB77-4345-B303-47F98966DF01}.Debug|Any CPU.ActiveCfg = Debug|Any CPU
		{0C034FE8-FB77-4345-B303-47F98966DF01}.Debug|Any CPU.Build.0 = Debug|Any CPU
		{0C034FE8-FB77-4345-B303-47F98966DF01}.Release|Any CPU.ActiveCfg = Release|Any CPU
		{0C034FE8-FB77-4345-B303-47F98966DF01}.Release|Any CPU.Build.0 = Release|Any CPU
	EndGlobalSection
	GlobalSection(SolutionProperties) = preSolution
		HideSolutionNode = FALSE
	EndGlobalSection
	GlobalSection(NestedProjects) = preSolution
		{0C034FE8-FB77-4345-B303-47F98966DF01} = {DFE627D9-0E19-4769-BACD-D6A4B64009BC}
	EndGlobalSection
	GlobalSection(ExtensibilityGlobals) = postSolution
		SolutionGuid = {718E654D-8A30-46DE-A993-58D3AFFE0E11}
	EndGlobalSection
EndGlobal
